
Microsoft Visual Studio Solution File, Format Version 12.00
# Visual Studio Version 17
VisualStudioVersion = 17.13.35913.81 d17.13
MinimumVisualStudioVersion = 10.0.40219.1
Project("{FAE04EC0-301F-11D3-BF4B-00C04F79EFBC}") = "ELSE IF", "ELSE IF.csproj", "{EFE838A5-3D22-42EF-B77E-1485955C0F7D}"
EndProject
Global
	GlobalSection(SolutionConfigurationPlatforms) = preSolution
		Debug|Any CPU = Debug|Any CPU
		Release|Any CPU = Release|Any CPU
	EndGlobalSection
	GlobalSection(ProjectConfigurationPlatforms) = postSolution
		{EFE838A5-3D22-42EF-B77E-1485955C0F7D}.Debug|Any CPU.ActiveCfg = Debug|Any CPU
		{EFE838A5-3D22-42EF-B77E-1485955C0F7D}.Debug|Any CPU.Build.0 = Debug|Any CPU
		{EFE838A5-3D22-42EF-B77E-1485955C0F7D}.Release|Any CPU.ActiveCfg = Release|Any CPU
		{EFE838A5-3D22-42EF-B77E-1485955C0F7D}.Release|Any CPU.Build.0 = Release|Any CPU
	EndGlobalSection
	GlobalSection(SolutionProperties) = preSolution
		HideSolutionNode = FALSE
	EndGlobalSection
	GlobalSection(ExtensibilityGlobals) = postSolution
		SolutionGuid = {BB4943E3-AA5B-4335-96C1-D91CA5DCDE0C}
	EndGlobalSection
EndGlobal
